version = 1
revision = 3
requires-python = "==3.13.*"

[options]
exclude-newer = "0001-01-01T00:00:00Z" # This has no effect and is included for backwards compatibility when using relative exclude-newer values.
exclude-newer-span = "P7D"

[[package]]
name = "marko"
version = "2.2.3"
source = { registry = "https://pypi.org/simple" }
sdist = { url = "https://files.pythonhosted.org/packages/58/cc/01b80dc58e4d44fe039403ef1ac0008bcb9375364ccd246a4b8bfec29b46/marko-2.2.3.tar.gz", hash = "sha256:e31ec2875383bc62f9093d16babed5a2c2cde601c00d834ea935a2222120ec19", size = 144531, upload-time = "2026-05-28T02:07:39.479Z" }
wheels = [
    { url = "https://files.pythonhosted.org/packages/97/50/0a8fab45fa374820c27cc4c3178c4914c60902ba9d6404a692a979e20dbc/marko-2.2.3-py3-none-any.whl", hash = "sha256:8e1d7a0387281e59dfbc52a381b58c570156970e36b2bbe047f8a3a2f368cacc", size = 42951, upload-time = "2026-05-28T02:07:38.373Z" },
]

[[package]]
name = "repo-hygiene"
version = "0.1.0"
source = { virtual = "." }
dependencies = [
    { name = "marko" },
]

[package.metadata]
requires-dist = [{ name = "marko" }]
