version = 1
revision = 3
requires-python = "==3.13.*"

[[package]]
name = "marko"
version = "2.2.2"
source = { registry = "https://pypi.org/simple" }
sdist = { url = "https://files.pythonhosted.org/packages/e3/2f/050b6d485f052ddf17d76a41f9334d6fb2a8a85df35347a12d97ed3bc5c1/marko-2.2.2.tar.gz", hash = "sha256:6940308e655f63733ca518c47a68ec9510279dbb916c83616e4c4b5829f052e8", size = 143641, upload-time = "2026-01-05T11:04:41.935Z" }
wheels = [
    { url = "https://files.pythonhosted.org/packages/83/f8/36d79bac5701e6786f9880c61bbe57574760a13c1af84ab71e5ed21faecc/marko-2.2.2-py3-none-any.whl", hash = "sha256:f064ae8c10416285ad1d96048dc11e98ef04e662d3342ae416f662b70aa7959e", size = 42701, upload-time = "2026-01-05T11:04:40.75Z" },
]

[[package]]
name = "repo-hygiene"
version = "0.1.0"
source = { virtual = "." }
dependencies = [
    { name = "marko" },
]

[package.metadata]
requires-dist = [{ name = "marko" }]
